
Microsoft Visual Studio Solution File, Format Version 12.00
# Visual Studio 15
VisualStudioVersion = 15.0.26228.4
MinimumVisualStudioVersion = 10.0.40219.1
Project("{FAE04EC0-301F-11D3-BF4B-00C04F79EFBC}") = "Market.GateWayLayer.Rest", "Market.GateWayLayer.Rest\Market.GateWayLayer.Rest.csproj", "{B67381C0-F7BF-4471-A33D-A3270CD16339}"
EndProject
Project("{FAE04EC0-301F-11D3-BF4B-00C04F79EFBC}") = "Market.InfrastructureLayer", "Market.InfrastructureLayer\Market.InfrastructureLayer.csproj", "{51360DB1-C02A-4463-9DA7-EA3E62C38ABD}"
EndProject
Project("{FAE04EC0-301F-11D3-BF4B-00C04F79EFBC}") = "Market.PersistenceLayer.EF", "Market.PersistenceLayer.EF\Market.PersistenceLayer.EF.csproj", "{A41E4AE7-9F5B-45BC-ACF9-0ABF9B403CAE}"
EndProject
Global
	GlobalSection(SolutionConfigurationPlatforms) = preSolution
		Debug|Any CPU = Debug|Any CPU
		Release|Any CPU = Release|Any CPU
	EndGlobalSection
	GlobalSection(ProjectConfigurationPlatforms) = postSolution
		{B67381C0-F7BF-4471-A33D-A3270CD16339}.Debug|Any CPU.ActiveCfg = Debug|Any CPU
		{B67381C0-F7BF-4471-A33D-A3270CD16339}.Debug|Any CPU.Build.0 = Debug|Any CPU
		{B67381C0-F7BF-4471-A33D-A3270CD16339}.Release|Any CPU.ActiveCfg = Release|Any CPU
		{B67381C0-F7BF-4471-A33D-A3270CD16339}.Release|Any CPU.Build.0 = Release|Any CPU
		{51360DB1-C02A-4463-9DA7-EA3E62C38ABD}.Debug|Any CPU.ActiveCfg = Debug|Any CPU
		{51360DB1-C02A-4463-9DA7-EA3E62C38ABD}.Debug|Any CPU.Build.0 = Debug|Any CPU
		{51360DB1-C02A-4463-9DA7-EA3E62C38ABD}.Release|Any CPU.ActiveCfg = Release|Any CPU
		{51360DB1-C02A-4463-9DA7-EA3E62C38ABD}.Release|Any CPU.Build.0 = Release|Any CPU
		{A41E4AE7-9F5B-45BC-ACF9-0ABF9B403CAE}.Debug|Any CPU.ActiveCfg = Debug|Any CPU
		{A41E4AE7-9F5B-45BC-ACF9-0ABF9B403CAE}.Debug|Any CPU.Build.0 = Debug|Any CPU
		{A41E4AE7-9F5B-45BC-ACF9-0ABF9B403CAE}.Release|Any CPU.ActiveCfg = Release|Any CPU
		{A41E4AE7-9F5B-45BC-ACF9-0ABF9B403CAE}.Release|Any CPU.Build.0 = Release|Any CPU
	EndGlobalSection
	GlobalSection(SolutionProperties) = preSolution
		HideSolutionNode = FALSE
	EndGlobalSection
EndGlobal
